{
  "requires": true,
  "lockfileVersion": 1,
  "dependencies": {
    "angular-auth-oidc-client": {
      "version": "13.1.0",
      "resolved": "https://registry.npmjs.org/angular-auth-oidc-client/-/angular-auth-oidc-client-13.1.0.tgz",
      "integrity": "sha512-52RgjL0ScoRdM+QM9bYW7Qd0NMjK8GfxHPsqyVJw4KLcpyIdOT6SW3ThQ63oFvxPAGmvFBmXhdB0AqCab9xVuA==",
      "requires": {
        "rfc4648": "^1.5.0",
        "tslib": "^2.3.0"
      }
    },
    "rfc4648": {
      "version": "1.5.1",
      "resolved": "https://registry.npmjs.org/rfc4648/-/rfc4648-1.5.1.tgz",
      "integrity": "sha512-60e/YWs2/D3MV1ErdjhJHcmlgnyLUiG4X/14dgsfm9/zmCWLN16xI6YqJYSCd/OANM7bUNzJqPY5B8/02S9Ibw=="
    },
    "tslib": {
      "version": "2.3.1",
      "resolved": "https://registry.npmjs.org/tslib/-/tslib-2.3.1.tgz",
      "integrity": "sha512-77EbyPPpMz+FRFRuAFlWMtmgUWGe9UOG2Z25NqCwiIjRhOf5iKGuzSe5P2w1laq+FkRy4p+PCuVkJSGkzTEKVw=="
    }
  }
}
